{
  "pins" : [
    {
      "identity" : "chartview",
      "kind" : "remoteSourceControl",
      "location" : "https://github.com/AppPear/ChartView",
      "state" : {
        "revision" : "caa75ecbc0d68f2b50d714909566406f80214186",
        "version" : "2.0.0-beta.2"
      }
    },
    {
      "identity" : "popovers",
      "kind" : "remoteSourceControl",
      "location" : "https://github.com/aheze/Popovers",
      "state" : {
        "revision" : "de44c4dd7271ec6413fe350f7efadb14e5e18dce",
        "version" : "1.3.2"
      }
    }
  ],
  "version" : 2
}
