// !$*UTF8*$!
{
	archiveVersion = 1;
	classes = {
	};
	objectVersion = 55;
	objects = {

/* Begin PBXBuildFile section */
		F405460D283EE13E00D40FE1 /* RehabView.swift in Sources */ = {isa = PBXBuildFile; fileRef = F405460C283EE13E00D40FE1 /* RehabView.swift */; };
		F417262A2835EAF5007969E5 /* Athlete_Habit_Tracker_App_SwiftUIApp.swift in Sources */ = {isa = PBXBuildFile; fileRef = F41726292835EAF5007969E5 /* Athlete_Habit_Tracker_App_SwiftUIApp.swift */; };
		F417262C2835EAF5007969E5 /* DailyView.swift in Sources */ = {isa = PBXBuildFile; fileRef = F417262B2835EAF5007969E5 /* DailyView.swift */; };
		F417262E2835EAF6007969E5 /* Assets.xcassets in Resources */ = {isa = PBXBuildFile; fileRef = F417262D2835EAF6007969E5 /* Assets.xcassets */; };
		F41726312835EAF6007969E5 /* Preview Assets.xcassets in Resources */ = {isa = PBXBuildFile; fileRef = F41726302835EAF6007969E5 /* Preview Assets.xcassets */; };
		F4305DD72839C24F00DAF303 /* InputView.swift in Sources */ = {isa = PBXBuildFile; fileRef = F4305DD62839C24F00DAF303 /* InputView.swift */; };
		F4305DD92839C5D900DAF303 /* SummaryView.swift in Sources */ = {isa = PBXBuildFile; fileRef = F4305DD82839C5D900DAF303 /* SummaryView.swift */; };
		F4305DDD2839D07200DAF303 /* Theme.swift in Sources */ = {isa = PBXBuildFile; fileRef = F4305DDC2839D07200DAF303 /* Theme.swift */; };
		F4305DDF283B158200DAF303 /* TrainingHabit.swift in Sources */ = {isa = PBXBuildFile; fileRef = F4305DDE283B158200DAF303 /* TrainingHabit.swift */; };
		F4305DE1283B1B0400DAF303 /* EntryListView.swift in Sources */ = {isa = PBXBuildFile; fileRef = F4305DE0283B1B0400DAF303 /* EntryListView.swift */; };
		F4593AF3283EC84A00CDCD62 /* Palette.swift in Sources */ = {isa = PBXBuildFile; fileRef = F4593AF2283EC84A00CDCD62 /* Palette.swift */; };
		F4593AF5283ECF1300CDCD62 /* QuoteView.swift in Sources */ = {isa = PBXBuildFile; fileRef = F4593AF4283ECF1300CDCD62 /* QuoteView.swift */; };
		F46FC96C2842DAC300B85568 /* Popovers in Frameworks */ = {isa = PBXBuildFile; productRef = F46FC96B2842DAC300B85568 /* Popovers */; };
		F46FC96E2842DB1100B85568 /* TestView.swift in Sources */ = {isa = PBXBuildFile; fileRef = F46FC96D2842DB1100B85568 /* TestView.swift */; };
		F46FC9722842FB4900B85568 /* InfoEditDraftView.swift in Sources */ = {isa = PBXBuildFile; fileRef = F46FC9712842FB4900B85568 /* InfoEditDraftView.swift */; };
		F4702CC6284123180044B66D /* AppView.swift in Sources */ = {isa = PBXBuildFile; fileRef = F4702CC5284123180044B66D /* AppView.swift */; };
		F4AE2A1828485B69007D48DF /* WorkoutInfo.swift in Sources */ = {isa = PBXBuildFile; fileRef = F4AE2A1728485B69007D48DF /* WorkoutInfo.swift */; };
		F4AE2A1E28486E7B007D48DF /* SwiftUICharts in Frameworks */ = {isa = PBXBuildFile; productRef = F4AE2A1D28486E7B007D48DF /* SwiftUICharts */; };
		F4C88DA22843C98800888164 /* InfoEditView.swift in Sources */ = {isa = PBXBuildFile; fileRef = F4C88DA12843C98800888164 /* InfoEditView.swift */; };
		F4C88DA42844527400888164 /* GoalEditView.swift in Sources */ = {isa = PBXBuildFile; fileRef = F4C88DA32844527400888164 /* GoalEditView.swift */; };
		F4C88DA82844658E00888164 /* CalendarPopoverView.swift in Sources */ = {isa = PBXBuildFile; fileRef = F4C88DA72844658E00888164 /* CalendarPopoverView.swift */; };
		F4C88DAB28447DC100888164 /* Measurement.swift in Sources */ = {isa = PBXBuildFile; fileRef = F4C88DAA28447DC100888164 /* Measurement.swift */; };
		F4C88DAD2844863C00888164 /* TrainingHabitInputView.swift in Sources */ = {isa = PBXBuildFile; fileRef = F4C88DAC2844863C00888164 /* TrainingHabitInputView.swift */; };
		F4D8BB1128469621006E5E6B /* ProfileView.swift in Sources */ = {isa = PBXBuildFile; fileRef = F4D8BB1028469621006E5E6B /* ProfileView.swift */; };
		F4E8FD282847CB3B0027644F /* TrainingHabitView.swift in Sources */ = {isa = PBXBuildFile; fileRef = F4E8FD272847CB3B0027644F /* TrainingHabitView.swift */; };
		F4F26A02284133B70081A499 /* LoadCapacityPredictionView.swift in Sources */ = {isa = PBXBuildFile; fileRef = F4F26A01284133B70081A499 /* LoadCapacityPredictionView.swift */; };
		F4F26A0428415B8E0081A499 /* EntryModalView.swift in Sources */ = {isa = PBXBuildFile; fileRef = F4F26A0328415B8E0081A499 /* EntryModalView.swift */; };
		F4F5274F283C285700AE1C13 /* ChartAndDataView.swift in Sources */ = {isa = PBXBuildFile; fileRef = F4F5274E283C285700AE1C13 /* ChartAndDataView.swift */; };
		F4F52753283C7B0100AE1C13 /* DayNavigationView.swift in Sources */ = {isa = PBXBuildFile; fileRef = F4F52752283C7B0100AE1C13 /* DayNavigationView.swift */; };
		F4F52757283D352300AE1C13 /* User.swift in Sources */ = {isa = PBXBuildFile; fileRef = F4F52756283D352300AE1C13 /* User.swift */; };
/* End PBXBuildFile section */

/* Begin PBXFileReference section */
		F405460C283EE13E00D40FE1 /* RehabView.swift */ = {isa = PBXFileReference; lastKnownFileType = sourcecode.swift; path = RehabView.swift; sourceTree = "<group>"; };
		F41726262835EAF5007969E5 /* Athlete Habit Tracker App SwiftUI.app */ = {isa = PBXFileReference; explicitFileType = wrapper.application; includeInIndex = 0; path = "Athlete Habit Tracker App SwiftUI.app"; sourceTree = BUILT_PRODUCTS_DIR; };
		F41726292835EAF5007969E5 /* Athlete_Habit_Tracker_App_SwiftUIApp.swift */ = {isa = PBXFileReference; lastKnownFileType = sourcecode.swift; path = Athlete_Habit_Tracker_App_SwiftUIApp.swift; sourceTree = "<group>"; };
		F417262B2835EAF5007969E5 /* DailyView.swift */ = {isa = PBXFileReference; lastKnownFileType = sourcecode.swift; path = DailyView.swift; sourceTree = "<group>"; };
		F417262D2835EAF6007969E5 /* Assets.xcassets */ = {isa = PBXFileReference; lastKnownFileType = folder.assetcatalog; path = Assets.xcassets; sourceTree = "<group>"; };
		F41726302835EAF6007969E5 /* Preview Assets.xcassets */ = {isa = PBXFileReference; lastKnownFileType = folder.assetcatalog; path = "Preview Assets.xcassets"; sourceTree = "<group>"; };
		F4305DD62839C24F00DAF303 /* InputView.swift */ = {isa = PBXFileReference; lastKnownFileType = sourcecode.swift; path = InputView.swift; sourceTree = "<group>"; };
		F4305DD82839C5D900DAF303 /* SummaryView.swift */ = {isa = PBXFileReference; lastKnownFileType = sourcecode.swift; path = SummaryView.swift; sourceTree = "<group>"; };
		F4305DDC2839D07200DAF303 /* Theme.swift */ = {isa = PBXFileReference; lastKnownFileType = sourcecode.swift; path = Theme.swift; sourceTree = "<group>"; };
		F4305DDE283B158200DAF303 /* TrainingHabit.swift */ = {isa = PBXFileReference; lastKnownFileType = sourcecode.swift; path = TrainingHabit.swift; sourceTree = "<group>"; };
		F4305DE0283B1B0400DAF303 /* EntryListView.swift */ = {isa = PBXFileReference; lastKnownFileType = sourcecode.swift; path = EntryListView.swift; sourceTree = "<group>"; };
		F4593AF2283EC84A00CDCD62 /* Palette.swift */ = {isa = PBXFileReference; lastKnownFileType = sourcecode.swift; path = Palette.swift; sourceTree = "<group>"; };
		F4593AF4283ECF1300CDCD62 /* QuoteView.swift */ = {isa = PBXFileReference; lastKnownFileType = sourcecode.swift; path = QuoteView.swift; sourceTree = "<group>"; };
		F46FC96D2842DB1100B85568 /* TestView.swift */ = {isa = PBXFileReference; lastKnownFileType = sourcecode.swift; path = TestView.swift; sourceTree = "<group>"; };
		F46FC9712842FB4900B85568 /* InfoEditDraftView.swift */ = {isa = PBXFileReference; lastKnownFileType = sourcecode.swift; path = InfoEditDraftView.swift; sourceTree = "<group>"; };
		F4702CC5284123180044B66D /* AppView.swift */ = {isa = PBXFileReference; lastKnownFileType = sourcecode.swift; path = AppView.swift; sourceTree = "<group>"; };
		F4AE2A1728485B69007D48DF /* WorkoutInfo.swift */ = {isa = PBXFileReference; lastKnownFileType = sourcecode.swift; path = WorkoutInfo.swift; sourceTree = "<group>"; };
		F4C88DA12843C98800888164 /* InfoEditView.swift */ = {isa = PBXFileReference; lastKnownFileType = sourcecode.swift; path = InfoEditView.swift; sourceTree = "<group>"; };
		F4C88DA32844527400888164 /* GoalEditView.swift */ = {isa = PBXFileReference; lastKnownFileType = sourcecode.swift; path = GoalEditView.swift; sourceTree = "<group>"; };
		F4C88DA72844658E00888164 /* CalendarPopoverView.swift */ = {isa = PBXFileReference; lastKnownFileType = sourcecode.swift; path = CalendarPopoverView.swift; sourceTree = "<group>"; };
		F4C88DAA28447DC100888164 /* Measurement.swift */ = {isa = PBXFileReference; lastKnownFileType = sourcecode.swift; path = Measurement.swift; sourceTree = "<group>"; };
		F4C88DAC2844863C00888164 /* TrainingHabitInputView.swift */ = {isa = PBXFileReference; lastKnownFileType = sourcecode.swift; path = TrainingHabitInputView.swift; sourceTree = "<group>"; };
		F4D8BB1028469621006E5E6B /* ProfileView.swift */ = {isa = PBXFileReference; fileEncoding = 4; lastKnownFileType = sourcecode.swift; name = ProfileView.swift; path = ../../../../.Trash/ProfileView.swift; sourceTree = "<group>"; };
		F4E8FD272847CB3B0027644F /* TrainingHabitView.swift */ = {isa = PBXFileReference; lastKnownFileType = sourcecode.swift; path = TrainingHabitView.swift; sourceTree = "<group>"; };
		F4F26A01284133B70081A499 /* LoadCapacityPredictionView.swift */ = {isa = PBXFileReference; lastKnownFileType = sourcecode.swift; path = LoadCapacityPredictionView.swift; sourceTree = "<group>"; };
		F4F26A0328415B8E0081A499 /* EntryModalView.swift */ = {isa = PBXFileReference; lastKnownFileType = sourcecode.swift; path = EntryModalView.swift; sourceTree = "<group>"; };
		F4F5274E283C285700AE1C13 /* ChartAndDataView.swift */ = {isa = PBXFileReference; lastKnownFileType = sourcecode.swift; path = ChartAndDataView.swift; sourceTree = "<group>"; };
		F4F52752283C7B0100AE1C13 /* DayNavigationView.swift */ = {isa = PBXFileReference; lastKnownFileType = sourcecode.swift; path = DayNavigationView.swift; sourceTree = "<group>"; };
		F4F52756283D352300AE1C13 /* User.swift */ = {isa = PBXFileReference; lastKnownFileType = sourcecode.swift; path = User.swift; sourceTree = "<group>"; };
/* End PBXFileReference section */

/* Begin PBXFrameworksBuildPhase section */
		F41726232835EAF5007969E5 /* Frameworks */ = {
			isa = PBXFrameworksBuildPhase;
			buildActionMask = 2147483647;
			files = (
				F46FC96C2842DAC300B85568 /* Popovers in Frameworks */,
				F4AE2A1E28486E7B007D48DF /* SwiftUICharts in Frameworks */,
			);
			runOnlyForDeploymentPostprocessing = 0;
		};
/* End PBXFrameworksBuildPhase section */

/* Begin PBXGroup section */
		F417261D2835EAF4007969E5 = {
			isa = PBXGroup;
			children = (
				F41726282835EAF5007969E5 /* Athlete Habit Tracker App SwiftUI */,
				F41726272835EAF5007969E5 /* Products */,
			);
			sourceTree = "<group>";
		};
		F41726272835EAF5007969E5 /* Products */ = {
			isa = PBXGroup;
			children = (
				F41726262835EAF5007969E5 /* Athlete Habit Tracker App SwiftUI.app */,
			);
			name = Products;
			sourceTree = "<group>";
		};
		F41726282835EAF5007969E5 /* Athlete Habit Tracker App SwiftUI */ = {
			isa = PBXGroup;
			children = (
				F4305DDB2839D03500DAF303 /* Models */,
				F4C88DA928446B5300888164 /* Not Used Anymore */,
				F41726292835EAF5007969E5 /* Athlete_Habit_Tracker_App_SwiftUIApp.swift */,
				F4702CC5284123180044B66D /* AppView.swift */,
				F417262B2835EAF5007969E5 /* DailyView.swift */,
				F4E8FD272847CB3B0027644F /* TrainingHabitView.swift */,
				F4C88DAC2844863C00888164 /* TrainingHabitInputView.swift */,
				F4F26A0328415B8E0081A499 /* EntryModalView.swift */,
				F405460C283EE13E00D40FE1 /* RehabView.swift */,
				F4F26A01284133B70081A499 /* LoadCapacityPredictionView.swift */,
				F4F5274E283C285700AE1C13 /* ChartAndDataView.swift */,
				F4C88DA32844527400888164 /* GoalEditView.swift */,
				F4C88DA12843C98800888164 /* InfoEditView.swift */,
				F4F52752283C7B0100AE1C13 /* DayNavigationView.swift */,
				F4D8BB1028469621006E5E6B /* ProfileView.swift */,
				F4C88DA72844658E00888164 /* CalendarPopoverView.swift */,
				F4305DD62839C24F00DAF303 /* InputView.swift */,
				F417262D2835EAF6007969E5 /* Assets.xcassets */,
				F417262F2835EAF6007969E5 /* Preview Content */,
			);
			path = "Athlete Habit Tracker App SwiftUI";
			sourceTree = "<group>";
		};
		F417262F2835EAF6007969E5 /* Preview Content */ = {
			isa = PBXGroup;
			children = (
				F41726302835EAF6007969E5 /* Preview Assets.xcassets */,
			);
			path = "Preview Content";
			sourceTree = "<group>";
		};
		F4305DDB2839D03500DAF303 /* Models */ = {
			isa = PBXGroup;
			children = (
				F4305DDE283B158200DAF303 /* TrainingHabit.swift */,
				F4AE2A1728485B69007D48DF /* WorkoutInfo.swift */,
				F4C88DAA28447DC100888164 /* Measurement.swift */,
				F4F52756283D352300AE1C13 /* User.swift */,
				F4593AF2283EC84A00CDCD62 /* Palette.swift */,
			);
			path = Models;
			sourceTree = "<group>";
		};
		F4C88DA928446B5300888164 /* Not Used Anymore */ = {
			isa = PBXGroup;
			children = (
				F4305DDC2839D07200DAF303 /* Theme.swift */,
				F4305DE0283B1B0400DAF303 /* EntryListView.swift */,
				F46FC96D2842DB1100B85568 /* TestView.swift */,
				F4593AF4283ECF1300CDCD62 /* QuoteView.swift */,
				F4305DD82839C5D900DAF303 /* SummaryView.swift */,
				F46FC9712842FB4900B85568 /* InfoEditDraftView.swift */,
			);
			path = "Not Used Anymore";
			sourceTree = "<group>";
		};
/* End PBXGroup section */

/* Begin PBXNativeTarget section */
		F41726252835EAF5007969E5 /* Athlete Habit Tracker App SwiftUI */ = {
			isa = PBXNativeTarget;
			buildConfigurationList = F41726342835EAF6007969E5 /* Build configuration list for PBXNativeTarget "Athlete Habit Tracker App SwiftUI" */;
			buildPhases = (
				F41726222835EAF5007969E5 /* Sources */,
				F41726232835EAF5007969E5 /* Frameworks */,
				F41726242835EAF5007969E5 /* Resources */,
			);
			buildRules = (
			);
			dependencies = (
			);
			name = "Athlete Habit Tracker App SwiftUI";
			packageProductDependencies = (
				F46FC96B2842DAC300B85568 /* Popovers */,
				F4AE2A1D28486E7B007D48DF /* SwiftUICharts */,
			);
			productName = "Athlete Habit Tracker App SwiftUI";
			productReference = F41726262835EAF5007969E5 /* Athlete Habit Tracker App SwiftUI.app */;
			productType = "com.apple.product-type.application";
		};
/* End PBXNativeTarget section */

/* Begin PBXProject section */
		F417261E2835EAF4007969E5 /* Project object */ = {
			isa = PBXProject;
			attributes = {
				BuildIndependentTargetsInParallel = 1;
				LastSwiftUpdateCheck = 1330;
				LastUpgradeCheck = 1330;
				TargetAttributes = {
					F41726252835EAF5007969E5 = {
						CreatedOnToolsVersion = 13.3.1;
					};
				};
			};
			buildConfigurationList = F41726212835EAF4007969E5 /* Build configuration list for PBXProject "Athlete Habit Tracker App SwiftUI" */;
			compatibilityVersion = "Xcode 13.0";
			developmentRegion = en;
			hasScannedForEncodings = 0;
			knownRegions = (
				en,
				Base,
			);
			mainGroup = F417261D2835EAF4007969E5;
			packageReferences = (
				F46FC96A2842DAC300B85568 /* XCRemoteSwiftPackageReference "Popovers" */,
				F4AE2A1C28486E7B007D48DF /* XCRemoteSwiftPackageReference "ChartView" */,
			);
			productRefGroup = F41726272835EAF5007969E5 /* Products */;
			projectDirPath = "";
			projectRoot = "";
			targets = (
				F41726252835EAF5007969E5 /* Athlete Habit Tracker App SwiftUI */,
			);
		};
/* End PBXProject section */

/* Begin PBXResourcesBuildPhase section */
		F41726242835EAF5007969E5 /* Resources */ = {
			isa = PBXResourcesBuildPhase;
			buildActionMask = 2147483647;
			files = (
				F41726312835EAF6007969E5 /* Preview Assets.xcassets in Resources */,
				F417262E2835EAF6007969E5 /* Assets.xcassets in Resources */,
			);
			runOnlyForDeploymentPostprocessing = 0;
		};
/* End PBXResourcesBuildPhase section */

/* Begin PBXSourcesBuildPhase section */
		F41726222835EAF5007969E5 /* Sources */ = {
			isa = PBXSourcesBuildPhase;
			buildActionMask = 2147483647;
			files = (
				F4C88DA82844658E00888164 /* CalendarPopoverView.swift in Sources */,
				F4F26A0428415B8E0081A499 /* EntryModalView.swift in Sources */,
				F4C88DAB28447DC100888164 /* Measurement.swift in Sources */,
				F4305DDF283B158200DAF303 /* TrainingHabit.swift in Sources */,
				F4305DD72839C24F00DAF303 /* InputView.swift in Sources */,
				F4AE2A1828485B69007D48DF /* WorkoutInfo.swift in Sources */,
				F4593AF3283EC84A00CDCD62 /* Palette.swift in Sources */,
				F4305DD92839C5D900DAF303 /* SummaryView.swift in Sources */,
				F4C88DA22843C98800888164 /* InfoEditView.swift in Sources */,
				F46FC96E2842DB1100B85568 /* TestView.swift in Sources */,
				F4305DDD2839D07200DAF303 /* Theme.swift in Sources */,
				F4F52753283C7B0100AE1C13 /* DayNavigationView.swift in Sources */,
				F4C88DAD2844863C00888164 /* TrainingHabitInputView.swift in Sources */,
				F4305DE1283B1B0400DAF303 /* EntryListView.swift in Sources */,
				F4593AF5283ECF1300CDCD62 /* QuoteView.swift in Sources */,
				F417262C2835EAF5007969E5 /* DailyView.swift in Sources */,
				F4F26A02284133B70081A499 /* LoadCapacityPredictionView.swift in Sources */,
				F4D8BB1128469621006E5E6B /* ProfileView.swift in Sources */,
				F417262A2835EAF5007969E5 /* Athlete_Habit_Tracker_App_SwiftUIApp.swift in Sources */,
				F4702CC6284123180044B66D /* AppView.swift in Sources */,
				F4F5274F283C285700AE1C13 /* ChartAndDataView.swift in Sources */,
				F4F52757283D352300AE1C13 /* User.swift in Sources */,
				F4C88DA42844527400888164 /* GoalEditView.swift in Sources */,
				F4E8FD282847CB3B0027644F /* TrainingHabitView.swift in Sources */,
				F405460D283EE13E00D40FE1 /* RehabView.swift in Sources */,
				F46FC9722842FB4900B85568 /* InfoEditDraftView.swift in Sources */,
			);
			runOnlyForDeploymentPostprocessing = 0;
		};
/* End PBXSourcesBuildPhase section */

/* Begin XCBuildConfiguration section */
		F41726322835EAF6007969E5 /* Debug */ = {
			isa = XCBuildConfiguration;
			buildSettings = {
				ALWAYS_SEARCH_USER_PATHS = NO;
				CLANG_ANALYZER_NONNULL = YES;
				CLANG_ANALYZER_NUMBER_OBJECT_CONVERSION = YES_AGGRESSIVE;
				CLANG_CXX_LANGUAGE_STANDARD = "gnu++17";
				CLANG_ENABLE_MODULES = YES;
				CLANG_ENABLE_OBJC_ARC = YES;
				CLANG_ENABLE_OBJC_WEAK = YES;
				CLANG_WARN_BLOCK_CAPTURE_AUTORELEASING = YES;
				CLANG_WARN_BOOL_CONVERSION = YES;
				CLANG_WARN_COMMA = YES;
				CLANG_WARN_CONSTANT_CONVERSION = YES;
				CLANG_WARN_DEPRECATED_OBJC_IMPLEMENTATIONS = YES;
				CLANG_WARN_DIRECT_OBJC_ISA_USAGE = YES_ERROR;
				CLANG_WARN_DOCUMENTATION_COMMENTS = YES;
				CLANG_WARN_EMPTY_BODY = YES;
				CLANG_WARN_ENUM_CONVERSION = YES;
				CLANG_WARN_INFINITE_RECURSION = YES;
				CLANG_WARN_INT_CONVERSION = YES;
				CLANG_WARN_NON_LITERAL_NULL_CONVERSION = YES;
				CLANG_WARN_OBJC_IMPLICIT_RETAIN_SELF = YES;
				CLANG_WARN_OBJC_LITERAL_CONVERSION = YES;
				CLANG_WARN_OBJC_ROOT_CLASS = YES_ERROR;
				CLANG_WARN_QUOTED_INCLUDE_IN_FRAMEWORK_HEADER = YES;
				CLANG_WARN_RANGE_LOOP_ANALYSIS = YES;
				CLANG_WARN_STRICT_PROTOTYPES = YES;
				CLANG_WARN_SUSPICIOUS_MOVE = YES;
				CLANG_WARN_UNGUARDED_AVAILABILITY = YES_AGGRESSIVE;
				CLANG_WARN_UNREACHABLE_CODE = YES;
				CLANG_WARN__DUPLICATE_METHOD_MATCH = YES;
				COPY_PHASE_STRIP = NO;
				DEBUG_INFORMATION_FORMAT = dwarf;
				ENABLE_STRICT_OBJC_MSGSEND = YES;
				ENABLE_TESTABILITY = YES;
				GCC_C_LANGUAGE_STANDARD = gnu11;
				GCC_DYNAMIC_NO_PIC = NO;
				GCC_NO_COMMON_BLOCKS = YES;
				GCC_OPTIMIZATION_LEVEL = 0;
				GCC_PREPROCESSOR_DEFINITIONS = (
					"DEBUG=1",
					"$(inherited)",
				);
				GCC_WARN_64_TO_32_BIT_CONVERSION = YES;
				GCC_WARN_ABOUT_RETURN_TYPE = YES_ERROR;
				GCC_WARN_UNDECLARED_SELECTOR = YES;
				GCC_WARN_UNINITIALIZED_AUTOS = YES_AGGRESSIVE;
				GCC_WARN_UNUSED_FUNCTION = YES;
				GCC_WARN_UNUSED_VARIABLE = YES;
				IPHONEOS_DEPLOYMENT_TARGET = 15.4;
				MTL_ENABLE_DEBUG_INFO = INCLUDE_SOURCE;
				MTL_FAST_MATH = YES;
				ONLY_ACTIVE_ARCH = YES;
				SDKROOT = iphoneos;
				SWIFT_ACTIVE_COMPILATION_CONDITIONS = DEBUG;
				SWIFT_OPTIMIZATION_LEVEL = "-Onone";
			};
			name = Debug;
		};
		F41726332835EAF6007969E5 /* Release */ = {
			isa = XCBuildConfiguration;
			buildSettings = {
				ALWAYS_SEARCH_USER_PATHS = NO;
				CLANG_ANALYZER_NONNULL = YES;
				CLANG_ANALYZER_NUMBER_OBJECT_CONVERSION = YES_AGGRESSIVE;
				CLANG_CXX_LANGUAGE_STANDARD = "gnu++17";
				CLANG_ENABLE_MODULES = YES;
				CLANG_ENABLE_OBJC_ARC = YES;
				CLANG_ENABLE_OBJC_WEAK = YES;
				CLANG_WARN_BLOCK_CAPTURE_AUTORELEASING = YES;
				CLANG_WARN_BOOL_CONVERSION = YES;
				CLANG_WARN_COMMA = YES;
				CLANG_WARN_CONSTANT_CONVERSION = YES;
				CLANG_WARN_DEPRECATED_OBJC_IMPLEMENTATIONS = YES;
				CLANG_WARN_DIRECT_OBJC_ISA_USAGE = YES_ERROR;
				CLANG_WARN_DOCUMENTATION_COMMENTS = YES;
				CLANG_WARN_EMPTY_BODY = YES;
				CLANG_WARN_ENUM_CONVERSION = YES;
				CLANG_WARN_INFINITE_RECURSION = YES;
				CLANG_WARN_INT_CONVERSION = YES;
				CLANG_WARN_NON_LITERAL_NULL_CONVERSION = YES;
				CLANG_WARN_OBJC_IMPLICIT_RETAIN_SELF = YES;
				CLANG_WARN_OBJC_LITERAL_CONVERSION = YES;
				CLANG_WARN_OBJC_ROOT_CLASS = YES_ERROR;
				CLANG_WARN_QUOTED_INCLUDE_IN_FRAMEWORK_HEADER = YES;
				CLANG_WARN_RANGE_LOOP_ANALYSIS = YES;
				CLANG_WARN_STRICT_PROTOTYPES = YES;
				CLANG_WARN_SUSPICIOUS_MOVE = YES;
				CLANG_WARN_UNGUARDED_AVAILABILITY = YES_AGGRESSIVE;
				CLANG_WARN_UNREACHABLE_CODE = YES;
				CLANG_WARN__DUPLICATE_METHOD_MATCH = YES;
				COPY_PHASE_STRIP = NO;
				DEBUG_INFORMATION_FORMAT = "dwarf-with-dsym";
				ENABLE_NS_ASSERTIONS = NO;
				ENABLE_STRICT_OBJC_MSGSEND = YES;
				GCC_C_LANGUAGE_STANDARD = gnu11;
				GCC_NO_COMMON_BLOCKS = YES;
				GCC_WARN_64_TO_32_BIT_CONVERSION = YES;
				GCC_WARN_ABOUT_RETURN_TYPE = YES_ERROR;
				GCC_WARN_UNDECLARED_SELECTOR = YES;
				GCC_WARN_UNINITIALIZED_AUTOS = YES_AGGRESSIVE;
				GCC_WARN_UNUSED_FUNCTION = YES;
				GCC_WARN_UNUSED_VARIABLE = YES;
				IPHONEOS_DEPLOYMENT_TARGET = 15.4;
				MTL_ENABLE_DEBUG_INFO = NO;
				MTL_FAST_MATH = YES;
				SDKROOT = iphoneos;
				SWIFT_COMPILATION_MODE = wholemodule;
				SWIFT_OPTIMIZATION_LEVEL = "-O";
				VALIDATE_PRODUCT = YES;
			};
			name = Release;
		};
		F41726352835EAF6007969E5 /* Debug */ = {
			isa = XCBuildConfiguration;
			buildSettings = {
				ASSETCATALOG_COMPILER_APPICON_NAME = AppIcon;
				ASSETCATALOG_COMPILER_GLOBAL_ACCENT_COLOR_NAME = AccentColor;
				CODE_SIGN_STYLE = Automatic;
				CURRENT_PROJECT_VERSION = 1;
				DEVELOPMENT_ASSET_PATHS = "\"Athlete Habit Tracker App SwiftUI/Preview Content\"";
				ENABLE_PREVIEWS = YES;
				GENERATE_INFOPLIST_FILE = YES;
				INFOPLIST_KEY_UIApplicationSceneManifest_Generation = YES;
				INFOPLIST_KEY_UIApplicationSupportsIndirectInputEvents = YES;
				INFOPLIST_KEY_UILaunchScreen_Generation = YES;
				INFOPLIST_KEY_UISupportedInterfaceOrientations_iPad = "UIInterfaceOrientationPortrait UIInterfaceOrientationPortraitUpsideDown UIInterfaceOrientationLandscapeLeft UIInterfaceOrientationLandscapeRight";
				INFOPLIST_KEY_UISupportedInterfaceOrientations_iPhone = "UIInterfaceOrientationPortrait UIInterfaceOrientationLandscapeLeft UIInterfaceOrientationLandscapeRight";
				LD_RUNPATH_SEARCH_PATHS = (
					"$(inherited)",
					"@executable_path/Frameworks",
				);
				MARKETING_VERSION = 1.0;
				PRODUCT_BUNDLE_IDENTIFIER = "ydnzhg.Athlete-Habit-Tracker-App-SwiftUI";
				PRODUCT_NAME = "$(TARGET_NAME)";
				SWIFT_EMIT_LOC_STRINGS = YES;
				SWIFT_VERSION = 5.0;
				TARGETED_DEVICE_FAMILY = "1,2";
			};
			name = Debug;
		};
		F41726362835EAF6007969E5 /* Release */ = {
			isa = XCBuildConfiguration;
			buildSettings = {
				ASSETCATALOG_COMPILER_APPICON_NAME = AppIcon;
				ASSETCATALOG_COMPILER_GLOBAL_ACCENT_COLOR_NAME = AccentColor;
				CODE_SIGN_STYLE = Automatic;
				CURRENT_PROJECT_VERSION = 1;
				DEVELOPMENT_ASSET_PATHS = "\"Athlete Habit Tracker App SwiftUI/Preview Content\"";
				ENABLE_PREVIEWS = YES;
				GENERATE_INFOPLIST_FILE = YES;
				INFOPLIST_KEY_UIApplicationSceneManifest_Generation = YES;
				INFOPLIST_KEY_UIApplicationSupportsIndirectInputEvents = YES;
				INFOPLIST_KEY_UILaunchScreen_Generation = YES;
				INFOPLIST_KEY_UISupportedInterfaceOrientations_iPad = "UIInterfaceOrientationPortrait UIInterfaceOrientationPortraitUpsideDown UIInterfaceOrientationLandscapeLeft UIInterfaceOrientationLandscapeRight";
				INFOPLIST_KEY_UISupportedInterfaceOrientations_iPhone = "UIInterfaceOrientationPortrait UIInterfaceOrientationLandscapeLeft UIInterfaceOrientationLandscapeRight";
				LD_RUNPATH_SEARCH_PATHS = (
					"$(inherited)",
					"@executable_path/Frameworks",
				);
				MARKETING_VERSION = 1.0;
				PRODUCT_BUNDLE_IDENTIFIER = "ydnzhg.Athlete-Habit-Tracker-App-SwiftUI";
				PRODUCT_NAME = "$(TARGET_NAME)";
				SWIFT_EMIT_LOC_STRINGS = YES;
				SWIFT_VERSION = 5.0;
				TARGETED_DEVICE_FAMILY = "1,2";
			};
			name = Release;
		};
/* End XCBuildConfiguration section */

/* Begin XCConfigurationList section */
		F41726212835EAF4007969E5 /* Build configuration list for PBXProject "Athlete Habit Tracker App SwiftUI" */ = {
			isa = XCConfigurationList;
			buildConfigurations = (
				F41726322835EAF6007969E5 /* Debug */,
				F41726332835EAF6007969E5 /* Release */,
			);
			defaultConfigurationIsVisible = 0;
			defaultConfigurationName = Release;
		};
		F41726342835EAF6007969E5 /* Build configuration list for PBXNativeTarget "Athlete Habit Tracker App SwiftUI" */ = {
			isa = XCConfigurationList;
			buildConfigurations = (
				F41726352835EAF6007969E5 /* Debug */,
				F41726362835EAF6007969E5 /* Release */,
			);
			defaultConfigurationIsVisible = 0;
			defaultConfigurationName = Release;
		};
/* End XCConfigurationList section */

/* Begin XCRemoteSwiftPackageReference section */
		F46FC96A2842DAC300B85568 /* XCRemoteSwiftPackageReference "Popovers" */ = {
			isa = XCRemoteSwiftPackageReference;
			repositoryURL = "https://github.com/aheze/Popovers";
			requirement = {
				kind = upToNextMajorVersion;
				minimumVersion = 1.0.0;
			};
		};
		F4AE2A1C28486E7B007D48DF /* XCRemoteSwiftPackageReference "ChartView" */ = {
			isa = XCRemoteSwiftPackageReference;
			repositoryURL = "https://github.com/AppPear/ChartView";
			requirement = {
				kind = exactVersion;
				version = "2.0.0-beta.2";
			};
		};
/* End XCRemoteSwiftPackageReference section */

/* Begin XCSwiftPackageProductDependency section */
		F46FC96B2842DAC300B85568 /* Popovers */ = {
			isa = XCSwiftPackageProductDependency;
			package = F46FC96A2842DAC300B85568 /* XCRemoteSwiftPackageReference "Popovers" */;
			productName = Popovers;
		};
		F4AE2A1D28486E7B007D48DF /* SwiftUICharts */ = {
			isa = XCSwiftPackageProductDependency;
			package = F4AE2A1C28486E7B007D48DF /* XCRemoteSwiftPackageReference "ChartView" */;
			productName = SwiftUICharts;
		};
/* End XCSwiftPackageProductDependency section */
	};
	rootObject = F417261E2835EAF4007969E5 /* Project object */;
}
